
Microsoft Visual Studio Solution File, Format Version 12.00
# Visual Studio 15
VisualStudioVersion = 15.0.28307.271
MinimumVisualStudioVersion = 10.0.40219.1
Project("{FAE04EC0-301F-11D3-BF4B-00C04F79EFBC}") = "TeachersInformationCrawler", "TeachersInformationCrawler\TeachersInformationCrawler.csproj", "{246912FD-870C-4AF8-8E74-49E2B11273DB}"
EndProject
Project("{FAE04EC0-301F-11D3-BF4B-00C04F79EFBC}") = "Models", "Models\Models.csproj", "{9B29D78C-885C-45FE-B29D-19645AC39A5E}"
EndProject
Project("{FAE04EC0-301F-11D3-BF4B-00C04F79EFBC}") = "TeacherInformationCrawler.Tests", "TeacherInformationCrawler.Tests\TeacherInformationCrawler.Tests.csproj", "{1FBD067D-5425-42D4-8973-FBE2588AECEC}"
EndProject
Global
	GlobalSection(SolutionConfigurationPlatforms) = preSolution
		Debug|Any CPU = Debug|Any CPU
		Release|Any CPU = Release|Any CPU
	EndGlobalSection
	GlobalSection(ProjectConfigurationPlatforms) = postSolution
		{246912FD-870C-4AF8-8E74-49E2B11273DB}.Debug|Any CPU.ActiveCfg = Debug|Any CPU
		{246912FD-870C-4AF8-8E74-49E2B11273DB}.Debug|Any CPU.Build.0 = Debug|Any CPU
		{246912FD-870C-4AF8-8E74-49E2B11273DB}.Release|Any CPU.ActiveCfg = Release|Any CPU
		{246912FD-870C-4AF8-8E74-49E2B11273DB}.Release|Any CPU.Build.0 = Release|Any CPU
		{9B29D78C-885C-45FE-B29D-19645AC39A5E}.Debug|Any CPU.ActiveCfg = Debug|Any CPU
		{9B29D78C-885C-45FE-B29D-19645AC39A5E}.Debug|Any CPU.Build.0 = Debug|Any CPU
		{9B29D78C-885C-45FE-B29D-19645AC39A5E}.Release|Any CPU.ActiveCfg = Release|Any CPU
		{9B29D78C-885C-45FE-B29D-19645AC39A5E}.Release|Any CPU.Build.0 = Release|Any CPU
		{1FBD067D-5425-42D4-8973-FBE2588AECEC}.Debug|Any CPU.ActiveCfg = Debug|Any CPU
		{1FBD067D-5425-42D4-8973-FBE2588AECEC}.Debug|Any CPU.Build.0 = Debug|Any CPU
		{1FBD067D-5425-42D4-8973-FBE2588AECEC}.Release|Any CPU.ActiveCfg = Release|Any CPU
		{1FBD067D-5425-42D4-8973-FBE2588AECEC}.Release|Any CPU.Build.0 = Release|Any CPU
	EndGlobalSection
	GlobalSection(SolutionProperties) = preSolution
		HideSolutionNode = FALSE
	EndGlobalSection
	GlobalSection(ExtensibilityGlobals) = postSolution
		SolutionGuid = {B0DBEDBE-209E-4236-862F-9F42BB6B4E57}
	EndGlobalSection
EndGlobal
